{
  "name": "fetcher",
  "version": "1.0.0",
  "lockfileVersion": 1,
  "requires": true,
  "dependencies": {
    "@types/retry": {
      "version": "0.12.0",
      "resolved": "https://registry.npm.taobao.org/@types/retry/download/@types/retry-0.12.0.tgz",
      "integrity": "sha1-KzXsz87n04zXKtmSMvvVi/+zyE0="
    },
    "async": {
      "version": "3.2.0",
      "resolved": "https://registry.npm.taobao.org/async/download/async-3.2.0.tgz",
      "integrity": "sha1-s6JoXF67ZB094C0WEALGD8n4VyA="
    },
    "bencode": {
      "version": "2.0.1",
      "resolved": "https://registry.npm.taobao.org/bencode/download/bencode-2.0.1.tgz",
      "integrity": "sha1-ZnpqMcXgONVYYIMz2mt8lOg2yFs=",
      "requires": {
        "safe-buffer": "^5.1.1"
      }
    },
    "blob-to-buffer": {
      "version": "1.2.8",
      "resolved": "https://registry.npm.taobao.org/blob-to-buffer/download/blob-to-buffer-1.2.8.tgz",
      "integrity": "sha1-eO7rMy8SgO0MpvsrYGk6jG02kDo="
    },
    "config": {
      "version": "3.3.1",
      "resolved": "https://registry.npm.taobao.org/config/download/config-3.3.1.tgz",
      "integrity": "sha1-tqcOKQikO5jtIL5+Nn7fDMjtWhk=",
      "requires": {
        "json5": "^2.1.1"
      }
    },
    "date-format": {
      "version": "3.0.0",
      "resolved": "https://registry.npm.taobao.org/date-format/download/date-format-3.0.0.tgz?cache=0&sync_timestamp=1572558653136&other_urls=https%3A%2F%2Fregistry.npm.taobao.org%2Fdate-format%2Fdownload%2Fdate-format-3.0.0.tgz",
      "integrity": "sha1-64eANlx9KxURB4+0keZHl4DzrZU="
    },
    "debug": {
      "version": "4.1.1",
      "resolved": "https://registry.npm.taobao.org/debug/download/debug-4.1.1.tgz",
      "integrity": "sha1-O3ImAlUQnGtYnO4FDx1RYTlmR5E=",
      "requires": {
        "ms": "^2.1.1"
      }
    },
    "decompress-response": {
      "version": "4.2.1",
      "resolved": "https://registry.npm.taobao.org/decompress-response/download/decompress-response-4.2.1.tgz",
      "integrity": "sha1-QUAjzHowLaJc4uyC0NUjjMr9iYY=",
      "requires": {
        "mimic-response": "^2.0.0"
      }
    },
    "dom-parser": {
      "version": "0.1.6",
      "resolved": "https://registry.npm.taobao.org/dom-parser/download/dom-parser-0.1.6.tgz",
      "integrity": "sha1-aWxjO1NasykUJOtb9Y7kJvZGMso="
    },
    "entities": {
      "version": "1.1.2",
      "resolved": "https://registry.npm.taobao.org/entities/download/entities-1.1.2.tgz",
      "integrity": "sha1-vfpzUplmTfr9NFKe1PhSKidf6lY="
    },
    "flatted": {
      "version": "2.0.1",
      "resolved": "https://registry.npm.taobao.org/flatted/download/flatted-2.0.1.tgz",
      "integrity": "sha1-aeV8qo8OrLwoHS4stFjUb9tEngg="
    },
    "fluent-ffmpeg": {
      "version": "2.1.2",
      "resolved": "https://registry.npm.taobao.org/fluent-ffmpeg/download/fluent-ffmpeg-2.1.2.tgz",
      "integrity": "sha1-yVLeIkD4EuvaCqgAbXd27irPfXQ=",
      "requires": {
        "async": ">=0.2.9",
        "which": "^1.1.1"
      }
    },
    "fs": {
      "version": "0.0.1-security",
      "resolved": "https://registry.npm.taobao.org/fs/download/fs-0.0.1-security.tgz",
      "integrity": "sha1-invTcYa23d84E/I4WLV+yq9eQdQ="
    },
    "fs-extra": {
      "version": "8.1.0",
      "resolved": "https://registry.npm.taobao.org/fs-extra/download/fs-extra-8.1.0.tgz",
      "integrity": "sha1-SdQ8RaiM2Wd2aMt74bRu/bjS4cA=",
      "requires": {
        "graceful-fs": "^4.2.0",
        "jsonfile": "^4.0.0",
        "universalify": "^0.1.0"
      }
    },
    "get-stdin": {
      "version": "7.0.0",
      "resolved": "https://registry.npm.taobao.org/get-stdin/download/get-stdin-7.0.0.tgz",
      "integrity": "sha1-jV3pjxUXGhJcXlFmQ8em0OqKlvY="
    },
    "graceful-fs": {
      "version": "4.2.3",
      "resolved": "https://registry.npm.taobao.org/graceful-fs/download/graceful-fs-4.2.3.tgz",
      "integrity": "sha1-ShL/G2A3bvCYYsIJPt2Qgyi+hCM="
    },
    "is-promise": {
      "version": "2.1.0",
      "resolved": "https://registry.npm.taobao.org/is-promise/download/is-promise-2.1.0.tgz",
      "integrity": "sha1-eaKp7OfwlugPNtKy87wWwf9L8/o="
    },
    "isexe": {
      "version": "2.0.0",
      "resolved": "https://registry.npm.taobao.org/isexe/download/isexe-2.0.0.tgz",
      "integrity": "sha1-6PvzdNxVb/iUehDcsFctYz8s+hA="
    },
    "json5": {
      "version": "2.1.2",
      "resolved": "https://registry.npm.taobao.org/json5/download/json5-2.1.2.tgz?cache=0&sync_timestamp=1584388298930&other_urls=https%3A%2F%2Fregistry.npm.taobao.org%2Fjson5%2Fdownload%2Fjson5-2.1.2.tgz",
      "integrity": "sha1-Q+8fCvmDXdYkdRprf6SIdPstYI4=",
      "requires": {
        "minimist": "^1.2.5"
      }
    },
    "jsonfile": {
      "version": "4.0.0",
      "resolved": "https://registry.npm.taobao.org/jsonfile/download/jsonfile-4.0.0.tgz",
      "integrity": "sha1-h3Gq4HmbZAdrdmQPygWPnBDjPss=",
      "requires": {
        "graceful-fs": "^4.1.6"
      }
    },
    "lodash": {
      "version": "4.17.15",
      "resolved": "https://registry.npm.taobao.org/lodash/download/lodash-4.17.15.tgz?cache=0&sync_timestamp=1571657272199&other_urls=https%3A%2F%2Fregistry.npm.taobao.org%2Flodash%2Fdownload%2Flodash-4.17.15.tgz",
      "integrity": "sha1-tEf2ZwoEVbv+7dETku/zMOoJdUg="
    },
    "log4js": {
      "version": "6.1.2",
      "resolved": "https://registry.npm.taobao.org/log4js/download/log4js-6.1.2.tgz?cache=0&sync_timestamp=1581378346725&other_urls=https%3A%2F%2Fregistry.npm.taobao.org%2Flog4js%2Fdownload%2Flog4js-6.1.2.tgz",
      "integrity": "sha1-BGiOH0uAgMEnt9zLDbHHWcuyXcQ=",
      "requires": {
        "date-format": "^3.0.0",
        "debug": "^4.1.1",
        "flatted": "^2.0.1",
        "rfdc": "^1.1.4",
        "streamroller": "^2.2.3"
      }
    },
    "lowdb": {
      "version": "1.0.0",
      "resolved": "https://registry.npm.taobao.org/lowdb/download/lowdb-1.0.0.tgz",
      "integrity": "sha1-UkO+ayJ4bMzjDlDJoz6sNrIMgGQ=",
      "requires": {
        "graceful-fs": "^4.1.3",
        "is-promise": "^2.1.0",
        "lodash": "4",
        "pify": "^3.0.0",
        "steno": "^0.4.1"
      }
    },
    "magnet-uri": {
      "version": "5.2.4",
      "resolved": "https://registry.npm.taobao.org/magnet-uri/download/magnet-uri-5.2.4.tgz",
      "integrity": "sha1-ev5bc2rwREWv90TJOokKNxAHdog=",
      "requires": {
        "thirty-two": "^1.0.1",
        "uniq": "^1.0.1"
      }
    },
    "mimic-response": {
      "version": "2.1.0",
      "resolved": "https://registry.npm.taobao.org/mimic-response/download/mimic-response-2.1.0.tgz?cache=0&other_urls=https%3A%2F%2Fregistry.npm.taobao.org%2Fmimic-response%2Fdownload%2Fmimic-response-2.1.0.tgz",
      "integrity": "sha1-0Tdj019hPQnsN+uzC6wEacDuj0M="
    },
    "minimist": {
      "version": "1.2.5",
      "resolved": "https://registry.npm.taobao.org/minimist/download/minimist-1.2.5.tgz?cache=0&other_urls=https%3A%2F%2Fregistry.npm.taobao.org%2Fminimist%2Fdownload%2Fminimist-1.2.5.tgz",
      "integrity": "sha1-Z9ZgFLZqaoqqDAg8X9WN9OTpdgI="
    },
    "ms": {
      "version": "2.1.2",
      "resolved": "https://registry.npm.taobao.org/ms/download/ms-2.1.2.tgz",
      "integrity": "sha1-0J0fNXtEP0kzgqjrPM0YOHKuYAk="
    },
    "node-fetch": {
      "version": "2.6.0",
      "resolved": "https://registry.npm.taobao.org/node-fetch/download/node-fetch-2.6.0.tgz",
      "integrity": "sha1-5jNFY4bUqlWGP2dqerDaqP3ssP0="
    },
    "object-hash": {
      "version": "2.0.3",
      "resolved": "https://registry.npm.taobao.org/object-hash/download/object-hash-2.0.3.tgz?cache=0&other_urls=https%3A%2F%2Fregistry.npm.taobao.org%2Fobject-hash%2Fdownload%2Fobject-hash-2.0.3.tgz",
      "integrity": "sha1-0S2wROA80so9d8BXDYciWwLh5uo="
    },
    "once": {
      "version": "1.4.0",
      "resolved": "https://registry.npm.taobao.org/once/download/once-1.4.0.tgz",
      "integrity": "sha1-WDsap3WWHUsROsF9nFC6753Xa9E=",
      "requires": {
        "wrappy": "1"
      }
    },
    "p-retry": {
      "version": "4.2.0",
      "resolved": "https://registry.npm.taobao.org/p-retry/download/p-retry-4.2.0.tgz?cache=0&sync_timestamp=1572521210242&other_urls=https%3A%2F%2Fregistry.npm.taobao.org%2Fp-retry%2Fdownload%2Fp-retry-4.2.0.tgz",
      "integrity": "sha1-6pBmxrRPI8q0zUL2FHzbvGYE2l0=",
      "requires": {
        "@types/retry": "^0.12.0",
        "retry": "^0.12.0"
      }
    },
    "parse-torrent": {
      "version": "7.0.1",
      "resolved": "https://registry.npm.taobao.org/parse-torrent/download/parse-torrent-7.0.1.tgz",
      "integrity": "sha1-ZpxRqVNjVQBVx94JV3QdagVXXa8=",
      "requires": {
        "bencode": "^2.0.0",
        "blob-to-buffer": "^1.2.6",
        "get-stdin": "^7.0.0",
        "magnet-uri": "^5.1.3",
        "simple-get": "^3.0.1",
        "simple-sha1": "^3.0.0",
        "uniq": "^1.0.1"
      }
    },
    "pify": {
      "version": "3.0.0",
      "resolved": "https://registry.npm.taobao.org/pify/download/pify-3.0.0.tgz?cache=0&sync_timestamp=1581697613983&other_urls=https%3A%2F%2Fregistry.npm.taobao.org%2Fpify%2Fdownload%2Fpify-3.0.0.tgz",
      "integrity": "sha1-5aSs0sEB/fPZpNB/DbxNtJ3SgXY="
    },
    "queue-microtask": {
      "version": "1.1.2",
      "resolved": "https://registry.npm.taobao.org/queue-microtask/download/queue-microtask-1.1.2.tgz",
      "integrity": "sha1-E5v4GG2wxUUBfsZsJmSsZG1cVx4="
    },
    "retry": {
      "version": "0.12.0",
      "resolved": "https://registry.npm.taobao.org/retry/download/retry-0.12.0.tgz",
      "integrity": "sha1-G0KmJmoh8HQh0bC1S33BZ7AcATs="
    },
    "rfdc": {
      "version": "1.1.4",
      "resolved": "https://registry.npm.taobao.org/rfdc/download/rfdc-1.1.4.tgz",
      "integrity": "sha1-unLME2egzNnPgahws7WL060H+MI="
    },
    "rss-parser": {
      "version": "3.7.6",
      "resolved": "https://registry.npm.taobao.org/rss-parser/download/rss-parser-3.7.6.tgz",
      "integrity": "sha1-1SFQdUWixfew8BWEaTDFEfOo3ZM=",
      "requires": {
        "entities": "^1.1.1",
        "xml2js": "^0.4.19"
      }
    },
    "rusha": {
      "version": "0.8.13",
      "resolved": "https://registry.npm.taobao.org/rusha/download/rusha-0.8.13.tgz",
      "integrity": "sha1-mghOe4YLF7/zAVuSxnpqM2GRUTo="
    },
    "safe-buffer": {
      "version": "5.2.0",
      "resolved": "https://registry.npm.taobao.org/safe-buffer/download/safe-buffer-5.2.0.tgz",
      "integrity": "sha1-t02uxJsRSPiMZLaNSbHoFcHy9Rk="
    },
    "sax": {
      "version": "1.2.4",
      "resolved": "https://registry.npm.taobao.org/sax/download/sax-1.2.4.tgz",
      "integrity": "sha1-KBYjTiN4vdxOU1T6tcqold9xANk="
    },
    "simple-concat": {
      "version": "1.0.0",
      "resolved": "https://registry.npm.taobao.org/simple-concat/download/simple-concat-1.0.0.tgz",
      "integrity": "sha1-c0TLuLbib7J9ZrL8hvn21Zl1IcY="
    },
    "simple-get": {
      "version": "3.1.0",
      "resolved": "https://registry.npm.taobao.org/simple-get/download/simple-get-3.1.0.tgz",
      "integrity": "sha1-tFvgYkNeUNFZVAtXYgLO7EC5xrM=",
      "requires": {
        "decompress-response": "^4.2.0",
        "once": "^1.3.1",
        "simple-concat": "^1.0.0"
      }
    },
    "simple-sha1": {
      "version": "3.0.1",
      "resolved": "https://registry.npm.taobao.org/simple-sha1/download/simple-sha1-3.0.1.tgz",
      "integrity": "sha1-s0w8l410rEuvmbZVXB5nNuDW5wA=",
      "requires": {
        "queue-microtask": "^1.1.2",
        "rusha": "^0.8.1"
      }
    },
    "steno": {
      "version": "0.4.4",
      "resolved": "https://registry.npm.taobao.org/steno/download/steno-0.4.4.tgz?cache=0&sync_timestamp=1584576949462&other_urls=https%3A%2F%2Fregistry.npm.taobao.org%2Fsteno%2Fdownload%2Fsteno-0.4.4.tgz",
      "integrity": "sha1-BxEFvfwobmYVwEA8J+nXtdy4Vcs=",
      "requires": {
        "graceful-fs": "^4.1.3"
      }
    },
    "streamroller": {
      "version": "2.2.3",
      "resolved": "https://registry.npm.taobao.org/streamroller/download/streamroller-2.2.3.tgz",
      "integrity": "sha1-uVyfrUTi6JAF0kIUFIaztJYsLSg=",
      "requires": {
        "date-format": "^2.1.0",
        "debug": "^4.1.1",
        "fs-extra": "^8.1.0"
      },
      "dependencies": {
        "date-format": {
          "version": "2.1.0",
          "resolved": "https://registry.npm.taobao.org/date-format/download/date-format-2.1.0.tgz?cache=0&sync_timestamp=1572558653136&other_urls=https%3A%2F%2Fregistry.npm.taobao.org%2Fdate-format%2Fdownload%2Fdate-format-2.1.0.tgz",
          "integrity": "sha1-MdW16iEc9f12TNOLr50DPffhJc8="
        }
      }
    },
    "thirty-two": {
      "version": "1.0.2",
      "resolved": "https://registry.npm.taobao.org/thirty-two/download/thirty-two-1.0.2.tgz",
      "integrity": "sha1-TKL//AKlEpDSdEueP1V2k8prYno="
    },
    "uniq": {
      "version": "1.0.1",
      "resolved": "https://registry.npm.taobao.org/uniq/download/uniq-1.0.1.tgz",
      "integrity": "sha1-sxxa6CVIRKOoKBVBzisEuGWnNP8="
    },
    "universalify": {
      "version": "0.1.2",
      "resolved": "https://registry.npm.taobao.org/universalify/download/universalify-0.1.2.tgz?cache=0&sync_timestamp=1583530825899&other_urls=https%3A%2F%2Fregistry.npm.taobao.org%2Funiversalify%2Fdownload%2Funiversalify-0.1.2.tgz",
      "integrity": "sha1-tkb2m+OULavOzJ1mOcgNwQXvqmY="
    },
    "which": {
      "version": "1.3.1",
      "resolved": "https://registry.npm.taobao.org/which/download/which-1.3.1.tgz?cache=0&sync_timestamp=1574116720213&other_urls=https%3A%2F%2Fregistry.npm.taobao.org%2Fwhich%2Fdownload%2Fwhich-1.3.1.tgz",
      "integrity": "sha1-pFBD1U9YBTFtqNYvn1CRjT2nCwo=",
      "requires": {
        "isexe": "^2.0.0"
      }
    },
    "wrappy": {
      "version": "1.0.2",
      "resolved": "https://registry.npm.taobao.org/wrappy/download/wrappy-1.0.2.tgz",
      "integrity": "sha1-tSQ9jz7BqjXxNkYFvA0QNuMKtp8="
    },
    "xml2js": {
      "version": "0.4.23",
      "resolved": "https://registry.npm.taobao.org/xml2js/download/xml2js-0.4.23.tgz",
      "integrity": "sha1-oMaVFnUkIesqx1juTUzPWIQ+rGY=",
      "requires": {
        "sax": ">=0.6.0",
        "xmlbuilder": "~11.0.0"
      }
    },
    "xmlbuilder": {
      "version": "11.0.1",
      "resolved": "https://registry.npm.taobao.org/xmlbuilder/download/xmlbuilder-11.0.1.tgz",
      "integrity": "sha1-vpuuHIoEbnazESdyY0fQrXACvrM="
    }
  }
}
